
Microsoft Visual Studio Solution File, Format Version 10.00
# Visual Studio 2008
Project("{8BC9CEB8-8B4A-11D0-8D11-00A0C91BC942}") = "Game Base", "Commons.vcproj", "{CFE9D88D-3496-47B9-A0A4-2A9849AC44C4}"
EndProject
Project("{8BC9CEB8-8B4A-11D0-8D11-00A0C91BC942}") = "Testing Load Screen", "..\Testing Load Screen\Testing Load Screen.vcproj", "{025BC351-0E82-421B-A849-BF35BC0CB744}"
EndProject
Global
	GlobalSection(SubversionScc) = preSolution
		Svn-Managed = True
		Manager = AnkhSVN - Subversion Support for Visual Studio
	EndGlobalSection
	GlobalSection(SolutionConfigurationPlatforms) = preSolution
		Debug|Win32 = Debug|Win32
		Release|Win32 = Release|Win32
	EndGlobalSection
	GlobalSection(ProjectConfigurationPlatforms) = postSolution
		{CFE9D88D-3496-47B9-A0A4-2A9849AC44C4}.Debug|Win32.ActiveCfg = Debug|Win32
		{CFE9D88D-3496-47B9-A0A4-2A9849AC44C4}.Debug|Win32.Build.0 = Debug|Win32
		{CFE9D88D-3496-47B9-A0A4-2A9849AC44C4}.Release|Win32.ActiveCfg = Release|Win32
		{CFE9D88D-3496-47B9-A0A4-2A9849AC44C4}.Release|Win32.Build.0 = Release|Win32
		{025BC351-0E82-421B-A849-BF35BC0CB744}.Debug|Win32.ActiveCfg = Debug|Win32
		{025BC351-0E82-421B-A849-BF35BC0CB744}.Debug|Win32.Build.0 = Debug|Win32
		{025BC351-0E82-421B-A849-BF35BC0CB744}.Release|Win32.ActiveCfg = Release|Win32
		{025BC351-0E82-421B-A849-BF35BC0CB744}.Release|Win32.Build.0 = Release|Win32
	EndGlobalSection
	GlobalSection(SolutionProperties) = preSolution
		HideSolutionNode = FALSE
	EndGlobalSection
EndGlobal
